
Microsoft Visual Studio Solution File, Format Version 12.00
# Visual Studio Version 17
VisualStudioVersion = 17.4.33110.190
MinimumVisualStudioVersion = 10.0.40219.1
Project("{FAE04EC0-301F-11D3-BF4B-00C04F79EFBC}") = "MinimalApi.Base", "MinimalApi.Base\MinimalApi.Base.csproj", "{9090D041-A2DD-4276-9B23-7E2EB869D0A2}"
EndProject
Global
	GlobalSection(SolutionConfigurationPlatforms) = preSolution
		Debug|Any CPU = Debug|Any CPU
		Release|Any CPU = Release|Any CPU
	EndGlobalSection
	GlobalSection(ProjectConfigurationPlatforms) = postSolution
		{9090D041-A2DD-4276-9B23-7E2EB869D0A2}.Debug|Any CPU.ActiveCfg = Debug|Any CPU
		{9090D041-A2DD-4276-9B23-7E2EB869D0A2}.Debug|Any CPU.Build.0 = Debug|Any CPU
		{9090D041-A2DD-4276-9B23-7E2EB869D0A2}.Release|Any CPU.ActiveCfg = Release|Any CPU
		{9090D041-A2DD-4276-9B23-7E2EB869D0A2}.Release|Any CPU.Build.0 = Release|Any CPU
	EndGlobalSection
	GlobalSection(SolutionProperties) = preSolution
		HideSolutionNode = FALSE
	EndGlobalSection
	GlobalSection(ExtensibilityGlobals) = postSolution
		SolutionGuid = {05B2BB2B-BC71-49B4-AFCC-22816C42A91B}
	EndGlobalSection
EndGlobal
